{
  "nodes": {
    "nixpkgs": {
      "locked": {
        "lastModified": 1790463110,
        "narHash": "sha256-hKlVl12B1dF0Q5vd9dY3lIJM5mFGWYSlXwSLAqHZ1+s=",
        "owner": "NixOS",
        "repo": "nixpkgs",
        "rev": "e158d9ed9b51c98974c5e66e1ba1c9e0255fecaa",
        "type": "github"
      },
      "original": {
        "owner": "NixOS",
        "ref": "nixos-unstable",
        "repo": "nixpkgs",
        "type": "github"
      }
    },
    "root": {
      "inputs": {
        "nixpkgs": "nixpkgs",
        "xo-latest": "xo-latest",
        "xo-rolling": "xo-rolling",
        "xo-stable": "xo-stable"
      }
    },
    "xo-latest": {
      "flake": false,
      "locked": {
        "lastModified": 1788516025,
        "narHash": "sha256-qaFAci7kkofPTgMJNG1ZkQLgWjA2U0y1f5SG8M11nPM=",
        "owner": "vatesfr",
        "repo": "xen-orchestra",
        "rev": "4416d55d7afe6d3bb20c7755fae1f63b7fdfb132",
        "type": "github"
      },
      "original": {
        "owner": "vatesfr",
        "repo": "xen-orchestra",
        "rev": "4416d55d7afe6d3bb20c7755fae1f63b7fdfb132",
        "type": "github"
      }
    },
    "xo-rolling": {
      "flake": false,
      "locked": {
        "lastModified": 1790348614,
        "narHash": "sha256-hbaVN9rG6maMf/3ZUi/66ygcSIdVcp+yTUo+FFZfMBU=",
        "owner": "vatesfr",
        "repo": "xen-orchestra",
        "rev": "27882fb1dcd24fc5257835e60b3fa1002e4e885c",
        "type": "github"
      },
      "original": {
        "owner": "vatesfr",
        "repo": "xen-orchestra",
        "rev": "27882fb1dcd24fc5257835e60b3fa1002e4e885c",
        "type": "github"
      }
    },
    "xo-stable": {
      "flake": false,
      "locked": {
        "lastModified": 1788340701,
        "narHash": "sha256-kBmcxbmoLI96Ydaa60LB48eSkoEs+vHmu7lUtQTsa2I=",
        "owner": "vatesfr",
        "repo": "xen-orchestra",
        "rev": "bca8f02b8a3a4475eca49dc6e9327dbe09b20263",
        "type": "github"
      },
      "original": {
        "owner": "vatesfr",
        "repo": "xen-orchestra",
        "rev": "bca8f02b8a3a4475eca49dc6e9327dbe09b20263",
        "type": "github"
      }
    }
  },
  "root": "root",
  "version": 7
}
