{
  "nodes": {
    "nixpkgs": {
      "locked": {
        "lastModified": 1787900134,
        "narHash": "sha256-VYXO0XZlgj06dxJZRhrD3WoSsvq/c7+/Akyoa22pefw=",
        "owner": "NixOS",
        "repo": "nixpkgs",
        "rev": "83199d0d373dd3ac2b9a1996b1d0263f76ab7a4c",
        "type": "github"
      },
      "original": {
        "owner": "NixOS",
        "ref": "nixos-unstable",
        "repo": "nixpkgs",
        "type": "github"
      }
    },
    "root": {
      "inputs": {
        "nixpkgs": "nixpkgs",
        "xo-latest": "xo-latest",
        "xo-rolling": "xo-rolling",
        "xo-stable": "xo-stable"
      }
    },
    "xo-latest": {
      "flake": false,
      "locked": {
        "lastModified": 1791213531,
        "narHash": "sha256-qHOzAYfLTe9xD2dP+DSxAyf+1FlDwwyOIsxz6iEa4Ec=",
        "owner": "vatesfr",
        "repo": "xen-orchestra",
        "rev": "5999d53e0b6172820567a1caee67da798e5a673f",
        "type": "github"
      },
      "original": {
        "owner": "vatesfr",
        "repo": "xen-orchestra",
        "rev": "5999d53e0b6172820567a1caee67da798e5a673f",
        "type": "github"
      }
    },
    "xo-rolling": {
      "flake": false,
      "locked": {
        "lastModified": 1791565469,
        "narHash": "sha256-FjwD5RouKmTIpl1Pdfy/DpMTnT7NCPpvyoYCQi7DxGA=",
        "owner": "vatesfr",
        "repo": "xen-orchestra",
        "rev": "70b0824dc435cb51df72e47b235673af1e6d6a0c",
        "type": "github"
      },
      "original": {
        "owner": "vatesfr",
        "repo": "xen-orchestra",
        "rev": "70b0824dc435cb51df72e47b235673af1e6d6a0c",
        "type": "github"
      }
    },
    "xo-stable": {
      "flake": false,
      "locked": {
        "lastModified": 1790784773,
        "narHash": "sha256-/GmHla/wEUx/6VmWB0pQRcHuryVlpqvB8pwWEGU5ro4=",
        "owner": "vatesfr",
        "repo": "xen-orchestra",
        "rev": "a2bd181d3528a61a45bbd4fe99686875fe8eebf8",
        "type": "github"
      },
      "original": {
        "owner": "vatesfr",
        "repo": "xen-orchestra",
        "rev": "a2bd181d3528a61a45bbd4fe99686875fe8eebf8",
        "type": "github"
      }
    }
  },
  "root": "root",
  "version": 7
}
