{
  "nodes": {
    "nixpkgs": {
      "locked": {
        "lastModified": 1787900134,
        "narHash": "sha256-VYXO0XZlgj06dxJZRhrD3WoSsvq/c7+/Akyoa22pefw=",
        "owner": "NixOS",
        "repo": "nixpkgs",
        "rev": "83199d0d373dd3ac2b9a1996b1d0263f76ab7a4c",
        "type": "github"
      },
      "original": {
        "owner": "NixOS",
        "ref": "nixos-unstable",
        "repo": "nixpkgs",
        "type": "github"
      }
    },
    "root": {
      "inputs": {
        "nixpkgs": "nixpkgs",
        "xo-latest": "xo-latest",
        "xo-rolling": "xo-rolling",
        "xo-stable": "xo-stable"
      }
    },
    "xo-latest": {
      "flake": false,
      "locked": {
        "lastModified": 1788191980,
        "narHash": "sha256-xjksDZ8TeemmCiHMbfYuVbFPAZw06KXsEnRfuBLbGlY=",
        "owner": "vatesfr",
        "repo": "xen-orchestra",
        "rev": "faf6745471d7b2a00d774d98428873455e9539dc",
        "type": "github"
      },
      "original": {
        "owner": "vatesfr",
        "repo": "xen-orchestra",
        "rev": "faf6745471d7b2a00d774d98428873455e9539dc",
        "type": "github"
      }
    },
    "xo-rolling": {
      "flake": false,
      "locked": {
        "lastModified": 1788340701,
        "narHash": "sha256-kBmcxbmoLI96Ydaa60LB48eSkoEs+vHmu7lUtQTsa2I=",
        "owner": "vatesfr",
        "repo": "xen-orchestra",
        "rev": "bca8f02b8a3a4475eca49dc6e9327dbe09b20263",
        "type": "github"
      },
      "original": {
        "owner": "vatesfr",
        "repo": "xen-orchestra",
        "rev": "bca8f02b8a3a4475eca49dc6e9327dbe09b20263",
        "type": "github"
      }
    },
    "xo-stable": {
      "flake": false,
      "locked": {
        "lastModified": 1785850960,
        "narHash": "sha256-hVQvMFLeBWrxQNQwjEVuvmO5sMIMCIgSq/BxVmAz2gI=",
        "owner": "vatesfr",
        "repo": "xen-orchestra",
        "rev": "40dede9e11c90562df5cb46c6a83a9d91efedae1",
        "type": "github"
      },
      "original": {
        "owner": "vatesfr",
        "repo": "xen-orchestra",
        "rev": "40dede9e11c90562df5cb46c6a83a9d91efedae1",
        "type": "github"
      }
    }
  },
  "root": "root",
  "version": 7
}
